
Microsoft Visual Studio Solution File, Format Version 12.00
# Visual Studio Version 16
VisualStudioVersion = 16.0.33423.256
MinimumVisualStudioVersion = 10.0.40219.1
Project("{8BC9CEB8-8B4A-11D0-8D11-00A0C91BC942}") = "April2024", "April2024.vcxproj", "{59CC234C-D54E-40D1-A6DC-D5ADAF625153}"
EndProject
Global
	GlobalSection(SolutionConfigurationPlatforms) = preSolution
		Debug|x64 = Debug|x64
		Debug|x86 = Debug|x86
		Release|x64 = Release|x64
		Release|x86 = Release|x86
	EndGlobalSection
	GlobalSection(ProjectConfigurationPlatforms) = postSolution
		{59CC234C-D54E-40D1-A6DC-D5ADAF625153}.Debug|x64.ActiveCfg = Debug|x64
		{59CC234C-D54E-40D1-A6DC-D5ADAF625153}.Debug|x64.Build.0 = Debug|x64
		{59CC234C-D54E-40D1-A6DC-D5ADAF625153}.Debug|x86.ActiveCfg = Debug|Win32
		{59CC234C-D54E-40D1-A6DC-D5ADAF625153}.Debug|x86.Build.0 = Debug|Win32
		{59CC234C-D54E-40D1-A6DC-D5ADAF625153}.Release|x64.ActiveCfg = Release|x64
		{59CC234C-D54E-40D1-A6DC-D5ADAF625153}.Release|x64.Build.0 = Release|x64
		{59CC234C-D54E-40D1-A6DC-D5ADAF625153}.Release|x86.ActiveCfg = Release|Win32
		{59CC234C-D54E-40D1-A6DC-D5ADAF625153}.Release|x86.Build.0 = Release|Win32
	EndGlobalSection
	GlobalSection(SolutionProperties) = preSolution
		HideSolutionNode = FALSE
	EndGlobalSection
	GlobalSection(ExtensibilityGlobals) = postSolution
		SolutionGuid = {20DD1941-13C2-4F6B-B1E5-216F58BED39C}
	EndGlobalSection
EndGlobal
